
Microsoft Visual Studio Solution File, Format Version 12.00
# Visual Studio Version 17
VisualStudioVersion = 17.10.34916.146
MinimumVisualStudioVersion = 10.0.40219.1
Project("{FAE04EC0-301F-11D3-BF4B-00C04F79EFBC}") = "ConsoleEngine", "ConsoleEngine\ConsoleEngine.csproj", "{21C3E01C-F464-4645-9F56-86522665CA57}"
EndProject
Project("{FAE04EC0-301F-11D3-BF4B-00C04F79EFBC}") = "Test", "Test\Test.csproj", "{6BE3D417-7707-4E83-9962-0123BC85B196}"
EndProject
Global
	GlobalSection(SolutionConfigurationPlatforms) = preSolution
		Debug|Any CPU = Debug|Any CPU
		Release|Any CPU = Release|Any CPU
	EndGlobalSection
	GlobalSection(ProjectConfigurationPlatforms) = postSolution
		{21C3E01C-F464-4645-9F56-86522665CA57}.Debug|Any CPU.ActiveCfg = Debug|Any CPU
		{21C3E01C-F464-4645-9F56-86522665CA57}.Debug|Any CPU.Build.0 = Debug|Any CPU
		{21C3E01C-F464-4645-9F56-86522665CA57}.Release|Any CPU.ActiveCfg = Release|Any CPU
		{21C3E01C-F464-4645-9F56-86522665CA57}.Release|Any CPU.Build.0 = Release|Any CPU
		{6BE3D417-7707-4E83-9962-0123BC85B196}.Debug|Any CPU.ActiveCfg = Debug|Any CPU
		{6BE3D417-7707-4E83-9962-0123BC85B196}.Debug|Any CPU.Build.0 = Debug|Any CPU
		{6BE3D417-7707-4E83-9962-0123BC85B196}.Release|Any CPU.ActiveCfg = Release|Any CPU
		{6BE3D417-7707-4E83-9962-0123BC85B196}.Release|Any CPU.Build.0 = Release|Any CPU
	EndGlobalSection
	GlobalSection(SolutionProperties) = preSolution
		HideSolutionNode = FALSE
	EndGlobalSection
	GlobalSection(ExtensibilityGlobals) = postSolution
		SolutionGuid = {B708F26B-CD0C-4879-8448-7A76E7B58B6E}
	EndGlobalSection
EndGlobal
